GIT
  remote: https://github.com/KarlAmort/progress-3000.git
  revision: 2ce7742924424f134b6e2dceba8153b7e4d798b7
  branch: 🦫
  specs:
    progress-3000 (3000.0.0)
      base64
      rake
      reline

PATH
  remote: /workspace/progress-audit/callers/house
  specs:
    discobeaver-3000 (3001.0)
      fireservice-3000
      progress-3000
      ruby-dbus (>= 0.25)
      tuf-tuf-tufte-3000
    fireservice-3000 (3001.0)
      logger (~> 1.7)

GEM
  remote: https://rubygems.org/
  specs:
    base64 (0.3.0)
    io-console (0.9.4)
    kramdown (2.5.2)
      rexml (>= 3.4.4)
    kramdown-parser-gfm (1.1.0)
      kramdown (~> 2.0)
    logger (1.7.0)
    mini_portile2 (2.8.9)
    nokogiri (1.19.4)
      mini_portile2 (~> 2.8.2)
      racc (~> 1.4)
    racc (1.8.1)
    rake (13.4.2)
    reline (0.7.0)
      io-console (~> 0.5)
    rexml (3.4.4)
    ruby-dbus (0.25.0)
      logger
      rexml
    tuf-tuf-tufte-3000 (3001.0)
      kramdown (~> 2.5)
      kramdown-parser-gfm (~> 1.1)
      nokogiri (~> 1.19)
      reline
      unicode-display_width (~> 3.2)
    unicode-display_width (3.3.0)
      unicode-emoji (~> 4.3)
    unicode-emoji (4.3.0)

PLATFORMS
  ruby
  x86_64-linux

DEPENDENCIES
  discobeaver-3000!
  progress-3000!

CHECKSUMS
  base64 (0.3.0) sha256=27337aeabad6ffae05c265c450490628ef3ebd4b67be58257393227588f5a97b
  discobeaver-3000 (3001.0)
  fireservice-3000 (3001.0)
  io-console (0.9.4) sha256=a403304f32928ee85e56d457b4612ca43f2703b561a3258844992bd24085fbb1
  kramdown (2.5.2) sha256=1ba542204c66b6f9111ff00dcc26075b95b220b07f2905d8261740c82f7f02fa
  kramdown-parser-gfm (1.1.0) sha256=fb39745516427d2988543bf01fc4cf0ab1149476382393e0e9c48592f6581729
  logger (1.7.0) sha256=196edec7cc44b66cfb40f9755ce11b392f21f7967696af15d274dde7edff0203
  mini_portile2 (2.8.9) sha256=0cd7c7f824e010c072e33f68bc02d85a00aeb6fce05bb4819c03dfd3c140c289
  nokogiri (1.19.4) sha256=50c951611c92bca05c51411aef45f1cbc50f2821c4802758c5c6d34696533ab5
  progress-3000 (3000.0.0)
  racc (1.8.1) sha256=4a7f6929691dbec8b5209a0b373bc2614882b55fc5d2e447a21aaa691303d62f
  rake (13.4.2) sha256=cb825b2bd5f1f8e91ca37bddb4b9aaf345551b4731da62949be002fa89283701
  reline (0.7.0) sha256=5b012d8e55dbf9d450f12bde2cf7d15ff546ae80b3f8f3b30e570d431815583d
  rexml (3.4.4) sha256=19e0a2c3425dfbf2d4fc1189747bdb2f849b6c5e74180401b15734bc97b5d142
  ruby-dbus (0.25.0) sha256=fe431ca96a61f7c87a5177a43c9fe0a50eafe174c1d108421e38bb5165ea4814
  tuf-tuf-tufte-3000 (3001.0)
  unicode-display_width (3.3.0) sha256=4b7aa66a4b11db50f6f7e98411215cd0dd10eaecb665d36eec5bcacb3fa0b613
  unicode-emoji (4.3.0) sha256=11c02fa73290378c066bb0562cd4c87d8e1b706fbbe0059ca12746a4244de8ce

RUBY VERSION
  ruby 4.1.0.dev

BUNDLED WITH
  4.1.0.beta1
